lockfileVersion: '9.0'

settings:
  autoInstallPeers: true
  excludeLinksFromLockfile: false

importers:

  .: {}

  packages/mail:
    dependencies:
      drizzle-orm:
        specifier: ^0.38.0
        version: 0.38.4(@cloudflare/workers-types@4.20260701.1)
      hono:
        specifier: ^4.0.0
        version: 4.12.27
      postal-mime:
        specifier: ^2.0.0
        version: 2.7.5
      zod:
        specifier: ^3.0.0
        version: 3.25.76
    devDependencies:
      '@cloudflare/workers-types':
        specifier: ^4.20250109.0
        version: 4.20260701.1
      typescript:
        specifier: ^5.8.0
        version: 5.9.3

  packages/wbxml:
    devDependencies:
      typescript:
        specifier: ^5.5.0
        version: 5.9.3

packages:

  '@cloudflare/workers-types@4.20260701.1':
    resolution: {integrity: sha512-eGZ+PWPlu/yUxH+BJoplV45oSA709sjYFYr2kjrqSo+601qE15X4tsuZcPz1KE6Fb3ObGA9d9ZXn53n34NtyiA==}

  drizzle-orm@0.38.4:
    resolution: {integrity: sha512-s7/5BpLKO+WJRHspvpqTydxFob8i1vo2rEx4pY6TGY7QSMuUfWUuzaY0DIpXCkgHOo37BaFC+SJQb99dDUXT3Q==}
    peerDependencies:
      '@aws-sdk/client-rds-data': '>=3'
      '@cloudflare/workers-types': '>=4'
      '@electric-sql/pglite': '>=0.2.0'
      '@libsql/client': '>=0.10.0'
      '@libsql/client-wasm': '>=0.10.0'
      '@neondatabase/serverless': '>=0.10.0'
      '@op-engineering/op-sqlite': '>=2'
      '@opentelemetry/api': ^1.4.1
      '@planetscale/database': '>=1'
      '@prisma/client': '*'
      '@tidbcloud/serverless': '*'
      '@types/better-sqlite3': '*'
      '@types/pg': '*'
      '@types/react': '>=18'
      '@types/sql.js': '*'
      '@vercel/postgres': '>=0.8.0'
      '@xata.io/client': '*'
      better-sqlite3: '>=7'
      bun-types: '*'
      expo-sqlite: '>=14.0.0'
      knex: '*'
      kysely: '*'
      mysql2: '>=2'
      pg: '>=8'
      postgres: '>=3'
      prisma: '*'
      react: '>=18'
      sql.js: '>=1'
      sqlite3: '>=5'
    peerDependenciesMeta:
      '@aws-sdk/client-rds-data':
        optional: true
      '@cloudflare/workers-types':
        optional: true
      '@electric-sql/pglite':
        optional: true
      '@libsql/client':
        optional: true
      '@libsql/client-wasm':
        optional: true
      '@neondatabase/serverless':
        optional: true
      '@op-engineering/op-sqlite':
        optional: true
      '@opentelemetry/api':
        optional: true
      '@planetscale/database':
        optional: true
      '@prisma/client':
        optional: true
      '@tidbcloud/serverless':
        optional: true
      '@types/better-sqlite3':
        optional: true
      '@types/pg':
        optional: true
      '@types/react':
        optional: true
      '@types/sql.js':
        optional: true
      '@vercel/postgres':
        optional: true
      '@xata.io/client':
        optional: true
      better-sqlite3:
        optional: true
      bun-types:
        optional: true
      expo-sqlite:
        optional: true
      knex:
        optional: true
      kysely:
        optional: true
      mysql2:
        optional: true
      pg:
        optional: true
      postgres:
        optional: true
      prisma:
        optional: true
      react:
        optional: true
      sql.js:
        optional: true
      sqlite3:
        optional: true

  hono@4.12.27:
    resolution: {integrity: sha512-1yrb/+w6HWQJrUCLkJ2IF5jNIPvvFkblV5RNOYl6bV+OA6p9GLcMpHFFGTosSvHvcAUibuUukRqhlYI4z32C7Q==}
    engines: {node: '>=16.9.0'}

  postal-mime@2.7.5:
    resolution: {integrity: sha512-GNEXKvWFQnbgO5NlrGzVa0FmWzBZ24PersAWErttSg1Hjpf0ATxTwS5DOMGaOpTG6bUh5cTr7xi0jAD942wCJA==}

  typescript@5.9.3:
    resolution: {integrity: sha512-jl1vZzPDinLr9eUt3J/t7V6FgNEw9QjvBPdysz9KfQDD41fQrC2Y4vKQdiaUpFT4bXlb1RHhLpp8wtm6M5TgSw==}
    engines: {node: '>=14.17'}
    hasBin: true

  zod@3.25.76:
    resolution: {integrity: sha512-gzUt/qt81nXsFGKIFcC3YnfEAx5NkunCfnDlvuBSSFS02bcXu4Lmea0AFIUwbLWxWPx3d9p8S5QoaujKcNQxcQ==}

snapshots:

  '@cloudflare/workers-types@4.20260701.1': {}

  drizzle-orm@0.38.4(@cloudflare/workers-types@4.20260701.1):
    optionalDependencies:
      '@cloudflare/workers-types': 4.20260701.1

  hono@4.12.27: {}

  postal-mime@2.7.5: {}

  typescript@5.9.3: {}

  zod@3.25.76: {}
